
Microsoft Visual Studio Solution File, Format Version 12.00
# Visual Studio 15
Project("{FAE04EC0-301F-11D3-BF4B-00C04F79EFBC}") = "APS", "APS\APS.csproj", "{B68B4597-D57B-4181-ACB2-445CE5A210CD}"
EndProject
Global
	GlobalSection(SolutionConfigurationPlatforms) = preSolution
		Debug|Any CPU = Debug|Any CPU
		Release|Any CPU = Release|Any CPU
	EndGlobalSection
	GlobalSection(ProjectConfigurationPlatforms) = postSolution
		{B68B4597-D57B-4181-ACB2-445CE5A210CD}.Debug|Any CPU.ActiveCfg = Debug|Any CPU
		{B68B4597-D57B-4181-ACB2-445CE5A210CD}.Debug|Any CPU.Build.0 = Debug|Any CPU
		{B68B4597-D57B-4181-ACB2-445CE5A210CD}.Release|Any CPU.ActiveCfg = Release|Any CPU
		{B68B4597-D57B-4181-ACB2-445CE5A210CD}.Release|Any CPU.Build.0 = Release|Any CPU
	EndGlobalSection
EndGlobal
