
Microsoft Visual Studio Solution File, Format Version 12.00
# Visual Studio 15
VisualStudioVersion = 15.0.28010.2048
MinimumVisualStudioVersion = 10.0.40219.1
Project("{FAE04EC0-301F-11D3-BF4B-00C04F79EFBC}") = "APS1", "APS1\APS1.csproj", "{2CB348F2-EF60-46EC-8718-7EF5B30DEF0E}"
EndProject
Global
	GlobalSection(SolutionConfigurationPlatforms) = preSolution
		Debug|Any CPU = Debug|Any CPU
		Release|Any CPU = Release|Any CPU
	EndGlobalSection
	GlobalSection(ProjectConfigurationPlatforms) = postSolution
		{2CB348F2-EF60-46EC-8718-7EF5B30DEF0E}.Debug|Any CPU.ActiveCfg = Debug|Any CPU
		{2CB348F2-EF60-46EC-8718-7EF5B30DEF0E}.Debug|Any CPU.Build.0 = Debug|Any CPU
		{2CB348F2-EF60-46EC-8718-7EF5B30DEF0E}.Release|Any CPU.ActiveCfg = Release|Any CPU
		{2CB348F2-EF60-46EC-8718-7EF5B30DEF0E}.Release|Any CPU.Build.0 = Release|Any CPU
	EndGlobalSection
	GlobalSection(SolutionProperties) = preSolution
		HideSolutionNode = FALSE
	EndGlobalSection
	GlobalSection(ExtensibilityGlobals) = postSolution
		SolutionGuid = {644FD1ED-47CB-474A-BED5-CD0F183582FF}
	EndGlobalSection
EndGlobal
